
Microsoft Visual Studio Solution File, Format Version 12.00
# Visual Studio Version 17
VisualStudioVersion = 17.7.34031.279
MinimumVisualStudioVersion = 10.0.40219.1
Project("{2150E333-8FDC-42A3-9474-1A3956D46DE8}") = "Itens de Solução", "Itens de Solução", "{8D6B7A80-F253-4CB9-83E4-445860E79DD8}"
	ProjectSection(SolutionItems) = preProject
		.gitignore = .gitignore
	EndProjectSection
EndProject
Project("{9A19103F-16F7-4668-BE54-9A1E7A4F7556}") = "Domain", "Domain\Domain.csproj", "{39AAEE08-8775-4EA3-B93D-3B091EA08226}"
EndProject
Project("{9A19103F-16F7-4668-BE54-9A1E7A4F7556}") = "Common", "Common\Common.csproj", "{3103FCA1-B13F-4CCA-A0C9-4A2975929C8C}"
EndProject
Project("{9A19103F-16F7-4668-BE54-9A1E7A4F7556}") = "Infrastructure", "Infrastructure\Infrastructure.csproj", "{C5C91846-6C97-46BD-9464-BD977EAF2B2F}"
EndProject
Project("{9A19103F-16F7-4668-BE54-9A1E7A4F7556}") = "WebApi", "WebApi\WebApi.csproj", "{34D1445A-EBDA-496C-B6C5-AE1FF37B3E5B}"
EndProject
Project("{FAE04EC0-301F-11D3-BF4B-00C04F79EFBC}") = "Application", "Application\Application.csproj", "{AD6CBAE4-9878-4B17-8EA0-E6B4C3867B1D}"
EndProject
Global
	GlobalSection(SolutionConfigurationPlatforms) = preSolution
		Debug|Any CPU = Debug|Any CPU
		Release|Any CPU = Release|Any CPU
	EndGlobalSection
	GlobalSection(ProjectConfigurationPlatforms) = postSolution
		{39AAEE08-8775-4EA3-B93D-3B091EA08226}.Debug|Any CPU.ActiveCfg = Debug|Any CPU
		{39AAEE08-8775-4EA3-B93D-3B091EA08226}.Debug|Any CPU.Build.0 = Debug|Any CPU
		{39AAEE08-8775-4EA3-B93D-3B091EA08226}.Release|Any CPU.ActiveCfg = Release|Any CPU
		{39AAEE08-8775-4EA3-B93D-3B091EA08226}.Release|Any CPU.Build.0 = Release|Any CPU
		{3103FCA1-B13F-4CCA-A0C9-4A2975929C8C}.Debug|Any CPU.ActiveCfg = Debug|Any CPU
		{3103FCA1-B13F-4CCA-A0C9-4A2975929C8C}.Debug|Any CPU.Build.0 = Debug|Any CPU
		{3103FCA1-B13F-4CCA-A0C9-4A2975929C8C}.Release|Any CPU.ActiveCfg = Release|Any CPU
		{3103FCA1-B13F-4CCA-A0C9-4A2975929C8C}.Release|Any CPU.Build.0 = Release|Any CPU
		{C5C91846-6C97-46BD-9464-BD977EAF2B2F}.Debug|Any CPU.ActiveCfg = Debug|Any CPU
		{C5C91846-6C97-46BD-9464-BD977EAF2B2F}.Debug|Any CPU.Build.0 = Debug|Any CPU
		{C5C91846-6C97-46BD-9464-BD977EAF2B2F}.Release|Any CPU.ActiveCfg = Release|Any CPU
		{C5C91846-6C97-46BD-9464-BD977EAF2B2F}.Release|Any CPU.Build.0 = Release|Any CPU
		{34D1445A-EBDA-496C-B6C5-AE1FF37B3E5B}.Debug|Any CPU.ActiveCfg = Debug|Any CPU
		{34D1445A-EBDA-496C-B6C5-AE1FF37B3E5B}.Debug|Any CPU.Build.0 = Debug|Any CPU
		{34D1445A-EBDA-496C-B6C5-AE1FF37B3E5B}.Release|Any CPU.ActiveCfg = Release|Any CPU
		{34D1445A-EBDA-496C-B6C5-AE1FF37B3E5B}.Release|Any CPU.Build.0 = Release|Any CPU
		{AD6CBAE4-9878-4B17-8EA0-E6B4C3867B1D}.Debug|Any CPU.ActiveCfg = Debug|Any CPU
		{AD6CBAE4-9878-4B17-8EA0-E6B4C3867B1D}.Debug|Any CPU.Build.0 = Debug|Any CPU
		{AD6CBAE4-9878-4B17-8EA0-E6B4C3867B1D}.Release|Any CPU.ActiveCfg = Release|Any CPU
		{AD6CBAE4-9878-4B17-8EA0-E6B4C3867B1D}.Release|Any CPU.Build.0 = Release|Any CPU
	EndGlobalSection
	GlobalSection(SolutionProperties) = preSolution
		HideSolutionNode = FALSE
	EndGlobalSection
	GlobalSection(ExtensibilityGlobals) = postSolution
		SolutionGuid = {61ED043A-5CD3-438E-ACED-A8F40BC1A3A1}
	EndGlobalSection
EndGlobal
